// !$*UTF8*$!
{
	archiveVersion = 1;
	classes = {
	};
	objectVersion = 50;
	objects = {

/* Begin PBXBuildFile section */
		EEA1109123F3D61C00D9EAFE /* AppDelegate.swift in Sources */ = {isa = PBXBuildFile; fileRef = EEA1109023F3D61C00D9EAFE /* AppDelegate.swift */; };
		EEA1109323F3D61C00D9EAFE /* SceneDelegate.swift in Sources */ = {isa = PBXBuildFile; fileRef = EEA1109223F3D61C00D9EAFE /* SceneDelegate.swift */; };
		EEA1109523F3D61C00D9EAFE /* ViewController.swift in Sources */ = {isa = PBXBuildFile; fileRef = EEA1109423F3D61C00D9EAFE /* ViewController.swift */; };
		EEA1109823F3D61C00D9EAFE /* Main.storyboard in Resources */ = {isa = PBXBuildFile; fileRef = EEA1109623F3D61C00D9EAFE /* Main.storyboard */; };
		EEA1109A23F3D62B00D9EAFE /* Assets.xcassets in Resources */ = {isa = PBXBuildFile; fileRef = EEA1109923F3D62B00D9EAFE /* Assets.xcassets */; };
		EEA1109D23F3D62B00D9EAFE /* LaunchScreen.storyboard in Resources */ = {isa = PBXBuildFile; fileRef = EEA1109B23F3D62B00D9EAFE /* LaunchScreen.storyboard */; };
		EEA110A523F3DA2000D9EAFE /* imageUrlCell.swift in Sources */ = {isa = PBXBuildFile; fileRef = EEA110A423F3DA2000D9EAFE /* imageUrlCell.swift */; };
		EEA110A723F3DFC400D9EAFE /* NetworkingService.swift in Sources */ = {isa = PBXBuildFile; fileRef = EEA110A623F3DFC400D9EAFE /* NetworkingService.swift */; };
		EEA110A923F3E71F00D9EAFE /* GetImageResponse.swift in Sources */ = {isa = PBXBuildFile; fileRef = EEA110A823F3E71F00D9EAFE /* GetImageResponse.swift */; };
		EEA110AB23F3F01800D9EAFE /* AllCategoriesImages.swift in Sources */ = {isa = PBXBuildFile; fileRef = EEA110AA23F3F01800D9EAFE /* AllCategoriesImages.swift */; };
		EEA110AD23F3F3FA00D9EAFE /* MyError.swift in Sources */ = {isa = PBXBuildFile; fileRef = EEA110AC23F3F3FA00D9EAFE /* MyError.swift */; };
/* End PBXBuildFile section */

/* Begin PBXFileReference section */
		EEA1108D23F3D61C00D9EAFE /* CollectionViewUrl.app */ = {isa = PBXFileReference; explicitFileType = wrapper.application; includeInIndex = 0; path = CollectionViewUrl.app; sourceTree = BUILT_PRODUCTS_DIR; };
		EEA1109023F3D61C00D9EAFE /* AppDelegate.swift */ = {isa = PBXFileReference; lastKnownFileType = sourcecode.swift; path = AppDelegate.swift; sourceTree = "<group>"; };
		EEA1109223F3D61C00D9EAFE /* SceneDelegate.swift */ = {isa = PBXFileReference; lastKnownFileType = sourcecode.swift; path = SceneDelegate.swift; sourceTree = "<group>"; };
		EEA1109423F3D61C00D9EAFE /* ViewController.swift */ = {isa = PBXFileReference; lastKnownFileType = sourcecode.swift; path = ViewController.swift; sourceTree = "<group>"; };
		EEA1109723F3D61C00D9EAFE /* Base */ = {isa = PBXFileReference; lastKnownFileType = file.storyboard; name = Base; path = Base.lproj/Main.storyboard; sourceTree = "<group>"; };
		EEA1109923F3D62B00D9EAFE /* Assets.xcassets */ = {isa = PBXFileReference; lastKnownFileType = folder.assetcatalog; path = Assets.xcassets; sourceTree = "<group>"; };
		EEA1109C23F3D62B00D9EAFE /* Base */ = {isa = PBXFileReference; lastKnownFileType = file.storyboard; name = Base; path = Base.lproj/LaunchScreen.storyboard; sourceTree = "<group>"; };
		EEA1109E23F3D62B00D9EAFE /* Info.plist */ = {isa = PBXFileReference; lastKnownFileType = text.plist.xml; path = Info.plist; sourceTree = "<group>"; };
		EEA110A423F3DA2000D9EAFE /* imageUrlCell.swift */ = {isa = PBXFileReference; lastKnownFileType = sourcecode.swift; path = imageUrlCell.swift; sourceTree = "<group>"; };
		EEA110A623F3DFC400D9EAFE /* NetworkingService.swift */ = {isa = PBXFileReference; lastKnownFileType = sourcecode.swift; path = NetworkingService.swift; sourceTree = "<group>"; };
		EEA110A823F3E71F00D9EAFE /* GetImageResponse.swift */ = {isa = PBXFileReference; lastKnownFileType = sourcecode.swift; path = GetImageResponse.swift; sourceTree = "<group>"; };
		EEA110AA23F3F01800D9EAFE /* AllCategoriesImages.swift */ = {isa = PBXFileReference; lastKnownFileType = sourcecode.swift; path = AllCategoriesImages.swift; sourceTree = "<group>"; };
		EEA110AC23F3F3FA00D9EAFE /* MyError.swift */ = {isa = PBXFileReference; lastKnownFileType = sourcecode.swift; path = MyError.swift; sourceTree = "<group>"; };
/* End PBXFileReference section */

/* Begin PBXFrameworksBuildPhase section */
		EEA1108A23F3D61C00D9EAFE /* Frameworks */ = {
			isa = PBXFrameworksBuildPhase;
			buildActionMask = 2147483647;
			files = (
			);
			runOnlyForDeploymentPostprocessing = 0;
		};
/* End PBXFrameworksBuildPhase section */

/* Begin PBXGroup section */
		EEA1108423F3D61C00D9EAFE = {
			isa = PBXGroup;
			children = (
				EEA1108F23F3D61C00D9EAFE /* CollectionViewUrl */,
				EEA1108E23F3D61C00D9EAFE /* Products */,
			);
			sourceTree = "<group>";
		};
		EEA1108E23F3D61C00D9EAFE /* Products */ = {
			isa = PBXGroup;
			children = (
				EEA1108D23F3D61C00D9EAFE /* CollectionViewUrl.app */,
			);
			name = Products;
			sourceTree = "<group>";
		};
		EEA1108F23F3D61C00D9EAFE /* CollectionViewUrl */ = {
			isa = PBXGroup;
			children = (
				EEA1109023F3D61C00D9EAFE /* AppDelegate.swift */,
				EEA1109223F3D61C00D9EAFE /* SceneDelegate.swift */,
				EEA1109423F3D61C00D9EAFE /* ViewController.swift */,
				EEA1109623F3D61C00D9EAFE /* Main.storyboard */,
				EEA110A623F3DFC400D9EAFE /* NetworkingService.swift */,
				EEA110AA23F3F01800D9EAFE /* AllCategoriesImages.swift */,
				EEA110A823F3E71F00D9EAFE /* GetImageResponse.swift */,
				EEA110AC23F3F3FA00D9EAFE /* MyError.swift */,
				EEA1109923F3D62B00D9EAFE /* Assets.xcassets */,
				EEA1109B23F3D62B00D9EAFE /* LaunchScreen.storyboard */,
				EEA1109E23F3D62B00D9EAFE /* Info.plist */,
				EEA110A423F3DA2000D9EAFE /* imageUrlCell.swift */,
			);
			path = CollectionViewUrl;
			sourceTree = "<group>";
		};
/* End PBXGroup section */

/* Begin PBXNativeTarget section */
		EEA1108C23F3D61C00D9EAFE /* CollectionViewUrl */ = {
			isa = PBXNativeTarget;
			buildConfigurationList = EEA110A123F3D62C00D9EAFE /* Build configuration list for PBXNativeTarget "CollectionViewUrl" */;
			buildPhases = (
				EEA1108923F3D61C00D9EAFE /* Sources */,
				EEA1108A23F3D61C00D9EAFE /* Frameworks */,
				EEA1108B23F3D61C00D9EAFE /* Resources */,
			);
			buildRules = (
			);
			dependencies = (
			);
			name = CollectionViewUrl;
			productName = CollectionViewUrl;
			productReference = EEA1108D23F3D61C00D9EAFE /* CollectionViewUrl.app */;
			productType = "com.apple.product-type.application";
		};
/* End PBXNativeTarget section */

/* Begin PBXProject section */
		EEA1108523F3D61C00D9EAFE /* Project object */ = {
			isa = PBXProject;
			attributes = {
				LastSwiftUpdateCheck = 1130;
				LastUpgradeCheck = 1130;
				ORGANIZATIONNAME = "JOEL CRAWFORD";
				TargetAttributes = {
					EEA1108C23F3D61C00D9EAFE = {
						CreatedOnToolsVersion = 11.3.1;
					};
				};
			};
			buildConfigurationList = EEA1108823F3D61C00D9EAFE /* Build configuration list for PBXProject "CollectionViewUrl" */;
			compatibilityVersion = "Xcode 9.3";
			developmentRegion = en;
			hasScannedForEncodings = 0;
			knownRegions = (
				en,
				Base,
			);
			mainGroup = EEA1108423F3D61C00D9EAFE;
			productRefGroup = EEA1108E23F3D61C00D9EAFE /* Products */;
			projectDirPath = "";
			projectRoot = "";
			targets = (
				EEA1108C23F3D61C00D9EAFE /* CollectionViewUrl */,
			);
		};
/* End PBXProject section */

/* Begin PBXResourcesBuildPhase section */
		EEA1108B23F3D61C00D9EAFE /* Resources */ = {
			isa = PBXResourcesBuildPhase;
			buildActionMask = 2147483647;
			files = (
				EEA1109D23F3D62B00D9EAFE /* LaunchScreen.storyboard in Resources */,
				EEA1109A23F3D62B00D9EAFE /* Assets.xcassets in Resources */,
				EEA1109823F3D61C00D9EAFE /* Main.storyboard in Resources */,
			);
			runOnlyForDeploymentPostprocessing = 0;
		};
/* End PBXResourcesBuildPhase section */

/* Begin PBXSourcesBuildPhase section */
		EEA1108923F3D61C00D9EAFE /* Sources */ = {
			isa = PBXSourcesBuildPhase;
			buildActionMask = 2147483647;
			files = (
				EEA110AD23F3F3FA00D9EAFE /* MyError.swift in Sources */,
				EEA110A723F3DFC400D9EAFE /* NetworkingService.swift in Sources */,
				EEA110AB23F3F01800D9EAFE /* AllCategoriesImages.swift in Sources */,
				EEA110A923F3E71F00D9EAFE /* GetImageResponse.swift in Sources */,
				EEA1109523F3D61C00D9EAFE /* ViewController.swift in Sources */,
				EEA1109123F3D61C00D9EAFE /* AppDelegate.swift in Sources */,
				EEA1109323F3D61C00D9EAFE /* SceneDelegate.swift in Sources */,
				EEA110A523F3DA2000D9EAFE /* imageUrlCell.swift in Sources */,
			);
			runOnlyForDeploymentPostprocessing = 0;
		};
/* End PBXSourcesBuildPhase section */

/* Begin PBXVariantGroup section */
		EEA1109623F3D61C00D9EAFE /* Main.storyboard */ = {
			isa = PBXVariantGroup;
			children = (
				EEA1109723F3D61C00D9EAFE /* Base */,
			);
			name = Main.storyboard;
			sourceTree = "<group>";
		};
		EEA1109B23F3D62B00D9EAFE /* LaunchScreen.storyboard */ = {
			isa = PBXVariantGroup;
			children = (
				EEA1109C23F3D62B00D9EAFE /* Base */,
			);
			name = LaunchScreen.storyboard;
			sourceTree = "<group>";
		};
/* End PBXVariantGroup section */

/* Begin XCBuildConfiguration section */
		EEA1109F23F3D62B00D9EAFE /* Debug */ = {
			isa = XCBuildConfiguration;
			buildSettings = {
				ALWAYS_SEARCH_USER_PATHS = NO;
				CLANG_ANALYZER_NONNULL = YES;
				CLANG_ANALYZER_NUMBER_OBJECT_CONVERSION = YES_AGGRESSIVE;
				CLANG_CXX_LANGUAGE_STANDARD = "gnu++14";
				CLANG_CXX_LIBRARY = "libc++";
				CLANG_ENABLE_MODULES = YES;
				CLANG_ENABLE_OBJC_ARC = YES;
				CLANG_ENABLE_OBJC_WEAK = YES;
				CLANG_WARN_BLOCK_CAPTURE_AUTORELEASING = YES;
				CLANG_WARN_BOOL_CONVERSION = YES;
				CLANG_WARN_COMMA = YES;
				CLANG_WARN_CONSTANT_CONVERSION = YES;
				CLANG_WARN_DEPRECATED_OBJC_IMPLEMENTATIONS = YES;
				CLANG_WARN_DIRECT_OBJC_ISA_USAGE = YES_ERROR;
				CLANG_WARN_DOCUMENTATION_COMMENTS = YES;
				CLANG_WARN_EMPTY_BODY = YES;
				CLANG_WARN_ENUM_CONVERSION = YES;
				CLANG_WARN_INFINITE_RECURSION = YES;
				CLANG_WARN_INT_CONVERSION = YES;
				CLANG_WARN_NON_LITERAL_NULL_CONVERSION = YES;
				CLANG_WARN_OBJC_IMPLICIT_RETAIN_SELF = YES;
				CLANG_WARN_OBJC_LITERAL_CONVERSION = YES;
				CLANG_WARN_OBJC_ROOT_CLASS = YES_ERROR;
				CLANG_WARN_RANGE_LOOP_ANALYSIS = YES;
				CLANG_WARN_STRICT_PROTOTYPES = YES;
				CLANG_WARN_SUSPICIOUS_MOVE = YES;
				CLANG_WARN_UNGUARDED_AVAILABILITY = YES_AGGRESSIVE;
				CLANG_WARN_UNREACHABLE_CODE = YES;
				CLANG_WARN__DUPLICATE_METHOD_MATCH = YES;
				COPY_PHASE_STRIP = NO;
				DEBUG_INFORMATION_FORMAT = dwarf;
				ENABLE_STRICT_OBJC_MSGSEND = YES;
				ENABLE_TESTABILITY = YES;
				GCC_C_LANGUAGE_STANDARD = gnu11;
				GCC_DYNAMIC_NO_PIC = NO;
				GCC_NO_COMMON_BLOCKS = YES;
				GCC_OPTIMIZATION_LEVEL = 0;
				GCC_PREPROCESSOR_DEFINITIONS = (
					"DEBUG=1",
					"$(inherited)",
				);
				GCC_WARN_64_TO_32_BIT_CONVERSION = YES;
				GCC_WARN_ABOUT_RETURN_TYPE = YES_ERROR;
				GCC_WARN_UNDECLARED_SELECTOR = YES;
				GCC_WARN_UNINITIALIZED_AUTOS = YES_AGGRESSIVE;
				GCC_WARN_UNUSED_FUNCTION = YES;
				GCC_WARN_UNUSED_VARIABLE = YES;
				IPHONEOS_DEPLOYMENT_TARGET = 13.2;
				MTL_ENABLE_DEBUG_INFO = INCLUDE_SOURCE;
				MTL_FAST_MATH = YES;
				ONLY_ACTIVE_ARCH = YES;
				SDKROOT = iphoneos;
				SWIFT_ACTIVE_COMPILATION_CONDITIONS = DEBUG;
				SWIFT_OPTIMIZATION_LEVEL = "-Onone";
			};
			name = Debug;
		};
		EEA110A023F3D62B00D9EAFE /* Release */ = {
			isa = XCBuildConfiguration;
			buildSettings = {
				ALWAYS_SEARCH_USER_PATHS = NO;
				CLANG_ANALYZER_NONNULL = YES;
				CLANG_ANALYZER_NUMBER_OBJECT_CONVERSION = YES_AGGRESSIVE;
				CLANG_CXX_LANGUAGE_STANDARD = "gnu++14";
				CLANG_CXX_LIBRARY = "libc++";
				CLANG_ENABLE_MODULES = YES;
				CLANG_ENABLE_OBJC_ARC = YES;
				CLANG_ENABLE_OBJC_WEAK = YES;
				CLANG_WARN_BLOCK_CAPTURE_AUTORELEASING = YES;
				CLANG_WARN_BOOL_CONVERSION = YES;
				CLANG_WARN_COMMA = YES;
				CLANG_WARN_CONSTANT_CONVERSION = YES;
				CLANG_WARN_DEPRECATED_OBJC_IMPLEMENTATIONS = YES;
				CLANG_WARN_DIRECT_OBJC_ISA_USAGE = YES_ERROR;
				CLANG_WARN_DOCUMENTATION_COMMENTS = YES;
				CLANG_WARN_EMPTY_BODY = YES;
				CLANG_WARN_ENUM_CONVERSION = YES;
				CLANG_WARN_INFINITE_RECURSION = YES;
				CLANG_WARN_INT_CONVERSION = YES;
				CLANG_WARN_NON_LITERAL_NULL_CONVERSION = YES;
				CLANG_WARN_OBJC_IMPLICIT_RETAIN_SELF = YES;
				CLANG_WARN_OBJC_LITERAL_CONVERSION = YES;
				CLANG_WARN_OBJC_ROOT_CLASS = YES_ERROR;
				CLANG_WARN_RANGE_LOOP_ANALYSIS = YES;
				CLANG_WARN_STRICT_PROTOTYPES = YES;
				CLANG_WARN_SUSPICIOUS_MOVE = YES;
				CLANG_WARN_UNGUARDED_AVAILABILITY = YES_AGGRESSIVE;
				CLANG_WARN_UNREACHABLE_CODE = YES;
				CLANG_WARN__DUPLICATE_METHOD_MATCH = YES;
				COPY_PHASE_STRIP = NO;
				DEBUG_INFORMATION_FORMAT = "dwarf-with-dsym";
				ENABLE_NS_ASSERTIONS = NO;
				ENABLE_STRICT_OBJC_MSGSEND = YES;
				GCC_C_LANGUAGE_STANDARD = gnu11;
				GCC_NO_COMMON_BLOCKS = YES;
				GCC_WARN_64_TO_32_BIT_CONVERSION = YES;
				GCC_WARN_ABOUT_RETURN_TYPE = YES_ERROR;
				GCC_WARN_UNDECLARED_SELECTOR = YES;
				GCC_WARN_UNINITIALIZED_AUTOS = YES_AGGRESSIVE;
				GCC_WARN_UNUSED_FUNCTION = YES;
				GCC_WARN_UNUSED_VARIABLE = YES;
				IPHONEOS_DEPLOYMENT_TARGET = 13.2;
				MTL_ENABLE_DEBUG_INFO = NO;
				MTL_FAST_MATH = YES;
				SDKROOT = iphoneos;
				SWIFT_COMPILATION_MODE = wholemodule;
				SWIFT_OPTIMIZATION_LEVEL = "-O";
				VALIDATE_PRODUCT = YES;
			};
			name = Release;
		};
		EEA110A223F3D62C00D9EAFE /* Debug */ = {
			isa = XCBuildConfiguration;
			buildSettings = {
				ASSETCATALOG_COMPILER_APPICON_NAME = AppIcon;
				CODE_SIGN_STYLE = Automatic;
				INFOPLIST_FILE = CollectionViewUrl/Info.plist;
				LD_RUNPATH_SEARCH_PATHS = (
					"$(inherited)",
					"@executable_path/Frameworks",
				);
				PRODUCT_BUNDLE_IDENTIFIER = RTS.CollectionViewUrl;
				PRODUCT_NAME = "$(TARGET_NAME)";
				SWIFT_VERSION = 5.0;
				TARGETED_DEVICE_FAMILY = "1,2";
			};
			name = Debug;
		};
		EEA110A323F3D62C00D9EAFE /* Release */ = {
			isa = XCBuildConfiguration;
			buildSettings = {
				ASSETCATALOG_COMPILER_APPICON_NAME = AppIcon;
				CODE_SIGN_STYLE = Automatic;
				INFOPLIST_FILE = CollectionViewUrl/Info.plist;
				LD_RUNPATH_SEARCH_PATHS = (
					"$(inherited)",
					"@executable_path/Frameworks",
				);
				PRODUCT_BUNDLE_IDENTIFIER = RTS.CollectionViewUrl;
				PRODUCT_NAME = "$(TARGET_NAME)";
				SWIFT_VERSION = 5.0;
				TARGETED_DEVICE_FAMILY = "1,2";
			};
			name = Release;
		};
/* End XCBuildConfiguration section */

/* Begin XCConfigurationList section */
		EEA1108823F3D61C00D9EAFE /* Build configuration list for PBXProject "CollectionViewUrl" */ = {
			isa = XCConfigurationList;
			buildConfigurations = (
				EEA1109F23F3D62B00D9EAFE /* Debug */,
				EEA110A023F3D62B00D9EAFE /* Release */,
			);
			defaultConfigurationIsVisible = 0;
			defaultConfigurationName = Release;
		};
		EEA110A123F3D62C00D9EAFE /* Build configuration list for PBXNativeTarget "CollectionViewUrl" */ = {
			isa = XCConfigurationList;
			buildConfigurations = (
				EEA110A223F3D62C00D9EAFE /* Debug */,
				EEA110A323F3D62C00D9EAFE /* Release */,
			);
			defaultConfigurationIsVisible = 0;
			defaultConfigurationName = Release;
		};
/* End XCConfigurationList section */
	};
	rootObject = EEA1108523F3D61C00D9EAFE /* Project object */;
}
